
Microsoft Visual Studio Solution File, Format Version 12.00
# Visual Studio Version 16
VisualStudioVersion = 16.0.29709.97
MinimumVisualStudioVersion = 10.0.40219.1
Project("{FAE04EC0-301F-11D3-BF4B-00C04F79EFBC}") = "FractalViewer", "FractalViewer\FractalViewer.csproj", "{B630567D-CE28-4BF9-ADF6-E3AA1F5286D0}"
EndProject
Global
	GlobalSection(SolutionConfigurationPlatforms) = preSolution
		Debug|Any CPU = Debug|Any CPU
		Release|Any CPU = Release|Any CPU
	EndGlobalSection
	GlobalSection(ProjectConfigurationPlatforms) = postSolution
		{B630567D-CE28-4BF9-ADF6-E3AA1F5286D0}.Debug|Any CPU.ActiveCfg = Debug|Any CPU
		{B630567D-CE28-4BF9-ADF6-E3AA1F5286D0}.Debug|Any CPU.Build.0 = Debug|Any CPU
		{B630567D-CE28-4BF9-ADF6-E3AA1F5286D0}.Release|Any CPU.ActiveCfg = Release|Any CPU
		{B630567D-CE28-4BF9-ADF6-E3AA1F5286D0}.Release|Any CPU.Build.0 = Release|Any CPU
	EndGlobalSection
	GlobalSection(SolutionProperties) = preSolution
		HideSolutionNode = FALSE
	EndGlobalSection
	GlobalSection(ExtensibilityGlobals) = postSolution
		SolutionGuid = {91532F34-1EDB-4009-BE5B-746C734CF9AE}
	EndGlobalSection
EndGlobal
